<?xml version="1.0" encoding="utf-8"?>
<Project ToolsVersion="4.0" xmlns="http://schemas.microsoft.com/developer/msbuild/2003">
  <ItemGroup>
    <Filter Include="Resources">
      <UniqueIdentifier>{67DA6AB6-F800-4c08-8B7A-83BB121AAD01}</UniqueIdentifier>
      <Extensions>rc;ico;cur;bmp;dlg;rc2;rct;bin;rgs;gif;jpg;jpeg;jpe;resx;tiff;tif;png;wav;mfcribbon-ms</Extensions>
    </Filter>
    <Filter Include="Source">
      <UniqueIdentifier>{a1ccc0e3-a273-43bf-aff1-df0d056964e8}</UniqueIdentifier>
    </Filter>
    <Filter Include="Source\Core">
      <UniqueIdentifier>{484c8d21-5acf-4e71-93a8-24bf3187f3cf}</UniqueIdentifier>
    </Filter>
    <Filter Include="Source\Core\Public">
      <UniqueIdentifier>{cc85cb8b-c57b-421a-a58a-247def1d5da8}</UniqueIdentifier>
    </Filter>
    <Filter Include="Source\Core\Private">
      <UniqueIdentifier>{993bf470-80f1-4232-a867-ed0a71e391dd}</UniqueIdentifier>
    </Filter>
    <Filter Include="Source\Core\Classes">
      <UniqueIdentifier>{87abb5c6-16df-40b5-8fcc-4cbe4f08098f}</UniqueIdentifier>
    </Filter>
    <Filter Include="Source\Engine">
      <UniqueIdentifier>{9bce11f6-d438-4519-af87-cfc9f768ad08}</UniqueIdentifier>
    </Filter>
    <Filter Include="Source\Engine\Public">
      <UniqueIdentifier>{982da21f-516d-41bc-80e6-1a9df6ab41f1}</UniqueIdentifier>
    </Filter>
    <Filter Include="Source\Engine\Private">
      <UniqueIdentifier>{d5c17e6b-fc69-4aa7-87c0-ecf3a746fb22}</UniqueIdentifier>
    </Filter>
    <Filter Include="Source\Engine\Classes">
      <UniqueIdentifier>{55128a32-6a14-4cee-8185-6b9d0a6758fb}</UniqueIdentifier>
    </Filter>
    <Filter Include="Source\Common">
      <UniqueIdentifier>{bc11ca77-ca92-44ec-a96d-9cfe451e5dd3}</UniqueIdentifier>
    </Filter>
    <Filter Include="Source\Platform">
      <UniqueIdentifier>{5fd6bfa2-f9e5-4104-a0f0-d71b7c53b745}</UniqueIdentifier>
    </Filter>
    <Filter Include="Source\Common\Private">
      <UniqueIdentifier>{4FC737F1-C7A5-4376-A066-2A32D752A2FF}</UniqueIdentifier>
      <Extensions>cpp;c;cc;cxx;c++;cppm;ixx;def;odl;idl;hpj;bat;asm;asmx</Extensions>
    </Filter>
    <Filter Include="Source\Common\Public">
      <UniqueIdentifier>{93995380-89BD-4b04-88EB-625FBE52EBFB}</UniqueIdentifier>
      <Extensions>h;hh;hpp;hxx;h++;hm;inl;inc;ipp;xsd</Extensions>
    </Filter>
    <Filter Include="Source\Common\Classes">
      <UniqueIdentifier>{d49533a6-6730-4113-8915-9fbb5252aef7}</UniqueIdentifier>
    </Filter>
    <Filter Include="Source\Platform\Win32">
      <UniqueIdentifier>{0221d0bb-c8f6-454a-8476-0c15d7540375}</UniqueIdentifier>
    </Filter>
    <Filter Include="Source\Platform\Win32\Public">
      <UniqueIdentifier>{00a5fee2-8d67-421f-89fc-9ae695804155}</UniqueIdentifier>
    </Filter>
    <Filter Include="Source\Platform\Win32\Private">
      <UniqueIdentifier>{8bdaab67-1c68-4118-8a9e-4f4e75ac0951}</UniqueIdentifier>
    </Filter>
    <Filter Include="Source\Platform\Win32\Classes">
      <UniqueIdentifier>{6b7b1fb6-c428-4e93-a61d-3f8fd04576ca}</UniqueIdentifier>
    </Filter>
    <Filter Include="Source\Graphics">
      <UniqueIdentifier>{9584de51-e293-436f-ade5-e879465631cb}</UniqueIdentifier>
    </Filter>
    <Filter Include="Source\Graphics\Classes">
      <UniqueIdentifier>{9b6e2f9a-0787-407e-8803-ffc290992614}</UniqueIdentifier>
    </Filter>
    <Filter Include="Source\Graphics\Public">
      <UniqueIdentifier>{6f62fe48-9954-4e29-9fcd-8fb1e5b7c778}</UniqueIdentifier>
    </Filter>
    <Filter Include="Source\Graphics\Private">
      <UniqueIdentifier>{1b1fce5d-7220-43fa-bf4f-06eec6b6bad9}</UniqueIdentifier>
    </Filter>
    <Filter Include="Source\ImGui">
      <UniqueIdentifier>{31ffbba6-d3fa-48ff-9167-1328055eaa71}</UniqueIdentifier>
    </Filter>
    <Filter Include="Source\ImGui\Classes">
      <UniqueIdentifier>{28575e32-3872-4420-b1a7-28c66396cf15}</UniqueIdentifier>
    </Filter>
    <Filter Include="Source\ImGui\Private">
      <UniqueIdentifier>{b2c71915-3125-4315-953c-f4d1c63bfc47}</UniqueIdentifier>
    </Filter>
    <Filter Include="Source\ImGui\Public">
      <UniqueIdentifier>{86dd8bb9-065d-461e-898f-ea8522bbf353}</UniqueIdentifier>
    </Filter>
  </ItemGroup>
  <ItemGroup>
    <ClCompile Include="Source\Core\PerGameSettings.cpp">
      <Filter>Source\Core\Private</Filter>
    </ClCompile>
    <ClCompile Include="Source\Core\Core.cpp">
      <Filter>Source\Core\Private</Filter>
    </ClCompile>
    <ClCompile Include="Source\Core\CoreDefinitions.cpp">
      <Filter>Source\Core\Private</Filter>
    </ClCompile>
    <ClCompile Include="Source\Engine\Simulation.cpp">
      <Filter>Source\Engine\Private</Filter>
    </ClCompile>
    <ClCompile Include="Source\Engine\EngineClass.cpp">
      <Filter>Source\Engine\Private</Filter>
    </ClCompile>
    <ClCompile Include="Source\Common\Logger.cpp">
      <Filter>Source\Common\Private</Filter>
    </ClCompile>
    <ClCompile Include="Source\Common\Timer.cpp">
      <Filter>Source\Common\Private</Filter>
    </ClCompile>
    <ClCompile Include="Source\Platform\WIN32\IApplication.cpp">
      <Filter>Source\Platform\Win32\Private</Filter>
    </ClCompile>
    <ClCompile Include="Source\Engine.cpp">
      <Filter>Source</Filter>
    </ClCompile>
    <ClCompile Include="Source\Common\CmdLineArgs.cpp">
      <Filter>Source\Common\Private</Filter>
    </ClCompile>
    <ClCompile Include="Source\Engine\SplashScreen.cpp">
      <Filter>Source\Engine\Private</Filter>
    </ClCompile>
    <ClCompile Include="Source\Platform\Win32\Window.cpp">
      <Filter>Source\Platform\Win32\Private</Filter>
    </ClCompile>
    <ClCompile Include="Source\Platform\Win32\SubObject.cpp">
      <Filter>Source\Platform\Win32\Private</Filter>
    </ClCompile>
    <ClCompile Include="Source\Platform\Win32\Win32Utils.cpp">
      <Filter>Source\Platform\Win32\Private</Filter>
    </ClCompile>
    <ClCompile Include="Source\Platform\Win32\w32Caption.cpp">
      <Filter>Source\Platform\Win32\Private</Filter>
    </ClCompile>
    <ClCompile Include="Source\Graphics\Graphics.cpp">
      <Filter>Source\Graphics\Private</Filter>
    </ClCompile>
    <ClCompile Include="Source\Graphics\D3DClass.cpp">
      <Filter>Source\Graphics\Private</Filter>
    </ClCompile>
    <ClCompile Include="Source\Graphics\DDSTextureLoader.cpp">
      <Filter>Source\Graphics\Private</Filter>
    </ClCompile>
    <ClCompile Include="Source\Graphics\D3DUtils.cpp">
      <Filter>Source\Graphics\Private</Filter>
    </ClCompile>
    <ClCompile Include="Source\Graphics\MathHelper.cpp">
      <Filter>Source\Graphics\Private</Filter>
    </ClCompile>
    <ClCompile Include="Source\Graphics\UploadBuffer.cpp">
      <Filter>Source\Graphics\Private</Filter>
    </ClCompile>
    <ClCompile Include="Source\Graphics\FrameResource.cpp">
      <Filter>Source\Graphics\Private</Filter>
    </ClCompile>
    <ClCompile Include="Source\Graphics\GeometryGenerator.cpp">
      <Filter>Source\Graphics\Private</Filter>
    </ClCompile>
    <ClCompile Include="Source\Graphics\Camera.cpp">
      <Filter>Source\Graphics\Private</Filter>
    </ClCompile>
    <ClCompile Include="Source\ImGui\imgui_demo.cpp">
      <Filter>Source\ImGui\Private</Filter>
    </ClCompile>
    <ClCompile Include="Source\ImGui\imgui_draw.cpp">
      <Filter>Source\ImGui\Private</Filter>
    </ClCompile>
    <ClCompile Include="Source\ImGui\imgui.cpp">
      <Filter>Source\ImGui\Private</Filter>
    </ClCompile>
    <ClCompile Include="Source\ImGui\imgui_impl_dx12.cpp">
      <Filter>Source\ImGui\Private</Filter>
    </ClCompile>
    <ClCompile Include="Source\ImGui\imgui_impl_win32.cpp">
      <Filter>Source\ImGui\Private</Filter>
    </ClCompile>
    <ClCompile Include="Source\ImGui\imgui_tables.cpp">
      <Filter>Source\ImGui\Private</Filter>
    </ClCompile>
    <ClCompile Include="Source\ImGui\imgui_widgets.cpp">
      <Filter>Source\ImGui\Private</Filter>
    </ClCompile>
    <ClCompile Include="Source\ImGui\ImguiManager.cpp">
      <Filter>Source\ImGui\Private</Filter>
    </ClCompile>
  </ItemGroup>
  <ItemGroup>
    <ClInclude Include="Source\Core\PerGameSettings.h">
      <Filter>Source\Core\Classes</Filter>
    </ClInclude>
    <ClInclude Include="Source\Core\Core.h">
      <Filter>Source\Core\Public</Filter>
    </ClInclude>
    <ClInclude Include="Source\Core\CoreDefinitions.h">
      <Filter>Source\Core\Public</Filter>
    </ClInclude>
    <ClInclude Include="Source\Engine\EngineClass.h">
      <Filter>Source\Engine\Classes</Filter>
    </ClInclude>
    <ClInclude Include="Source\Engine\Simulation.h">
      <Filter>Source\Engine\Classes</Filter>
    </ClInclude>
    <ClInclude Include="Source\Common\Timer.h">
      <Filter>Source\Common\Public</Filter>
    </ClInclude>
    <ClInclude Include="Source\Common\Logger.h">
      <Filter>Source\Common\Classes</Filter>
    </ClInclude>
    <ClInclude Include="Source\Platform\WIN32\WinEntry.h">
      <Filter>Source\Platform\Win32\Public</Filter>
    </ClInclude>
    <ClInclude Include="Source\Platform\WIN32\IApplication.h">
      <Filter>Source\Platform\Win32\Classes</Filter>
    </ClInclude>
    <ClInclude Include="Source\Engine.h">
      <Filter>Source</Filter>
    </ClInclude>
    <ClInclude Include="Source\Common\CmdLineArgs.h">
      <Filter>Source\Common\Public</Filter>
    </ClInclude>
    <ClInclude Include="Source\Engine\SplashScreen.h">
      <Filter>Source\Engine\Public</Filter>
    </ClInclude>
    <ClInclude Include="Source\Platform\Win32\Window.h">
      <Filter>Source\Platform\Win32\Classes</Filter>
    </ClInclude>
    <ClInclude Include="Source\Platform\Win32\SubObject.h">
      <Filter>Source\Platform\Win32\Classes</Filter>
    </ClInclude>
    <ClInclude Include="Source\Platform\Win32\Win32Utils.h">
      <Filter>Source\Platform\Win32\Public</Filter>
    </ClInclude>
    <ClInclude Include="Source\Platform\Win32\w32Caption.h">
      <Filter>Source\Platform\Win32\Classes</Filter>
    </ClInclude>
    <ClInclude Include="Source\Graphics\Graphics.h">
      <Filter>Source\Graphics\Classes</Filter>
    </ClInclude>
    <ClInclude Include="Source\Graphics\D3DClass.h">
      <Filter>Source\Graphics\Classes</Filter>
    </ClInclude>
    <ClInclude Include="Source\Graphics\D3DUtils.h">
      <Filter>Source\Graphics\Public</Filter>
    </ClInclude>
    <ClInclude Include="Source\Graphics\DXHelper.h">
      <Filter>Source\Graphics\Public</Filter>
    </ClInclude>
    <ClInclude Include="Source\Graphics\d3dx12.h">
      <Filter>Source\Graphics\Public</Filter>
    </ClInclude>
    <ClInclude Include="Source\Graphics\DDSTextureLoader.h">
      <Filter>Source\Graphics\Public</Filter>
    </ClInclude>
    <ClInclude Include="Source\Graphics\MathHelper.h">
      <Filter>Source\Graphics\Public</Filter>
    </ClInclude>
    <ClInclude Include="Source\Graphics\UploadBuffer.h">
      <Filter>Source\Graphics\Public</Filter>
    </ClInclude>
    <ClInclude Include="Source\Graphics\FrameResource.h">
      <Filter>Source\Graphics\Public</Filter>
    </ClInclude>
    <ClInclude Include="Source\Graphics\GeometryGenerator.h">
      <Filter>Source\Graphics\Public</Filter>
    </ClInclude>
    <ClInclude Include="Source\ImGui\imgui.h">
      <Filter>Source\ImGui\Public</Filter>
    </ClInclude>
    <ClInclude Include="Source\ImGui\imconfig.h">
      <Filter>Source\ImGui\Public</Filter>
    </ClInclude>
    <ClInclude Include="Source\ImGui\imgui_impl_dx12.h">
      <Filter>Source\ImGui\Public</Filter>
    </ClInclude>
    <ClInclude Include="Source\ImGui\imgui_impl_win32.h">
      <Filter>Source\ImGui\Public</Filter>
    </ClInclude>
    <ClInclude Include="Source\ImGui\imgui_internal.h">
      <Filter>Source\ImGui\Public</Filter>
    </ClInclude>
    <ClInclude Include="Source\ImGui\ImguiManager.h">
      <Filter>Source\ImGui\Classes</Filter>
    </ClInclude>
    <ClInclude Include="Source\ImGui\imstb_rectpack.h">
      <Filter>Source\ImGui\Public</Filter>
    </ClInclude>
    <ClInclude Include="Source\ImGui\imstb_textedit.h">
      <Filter>Source\ImGui\Public</Filter>
    </ClInclude>
    <ClInclude Include="Source\ImGui\imstb_truetype.h">
      <Filter>Source\ImGui\Public</Filter>
    </ClInclude>
    <ClInclude Include="Source\Graphics\Camera.h">
      <Filter>Source\Graphics\Classes</Filter>
    </ClInclude>
  </ItemGroup>
</Project>